// !$*UTF8*$!
{
	archiveVersion = 1;
	classes = {
	};
	objectVersion = 48;
	objects = {

/* Begin PBXBuildFile section */
		4D14989A2028D24B0011136B /* CPFValidatorTests.swift in Sources */ = {isa = PBXBuildFile; fileRef = 4D1498992028D24B0011136B /* CPFValidatorTests.swift */; };
		4D1498A22029CD210011136B /* EmailValidator.swift in Sources */ = {isa = PBXBuildFile; fileRef = 4D1498A12029CD210011136B /* EmailValidator.swift */; };
		4D1498AA2029D6BB0011136B /* EmailValidatorTests.swift in Sources */ = {isa = PBXBuildFile; fileRef = 4D1498A92029D6BB0011136B /* EmailValidatorTests.swift */; };
		4D1897CB202360CB00D55C1B /* AppDelegate.swift in Sources */ = {isa = PBXBuildFile; fileRef = 4D1897CA202360CB00D55C1B /* AppDelegate.swift */; };
		4D1897CD202360CB00D55C1B /* ValidationViewController.swift in Sources */ = {isa = PBXBuildFile; fileRef = 4D1897CC202360CB00D55C1B /* ValidationViewController.swift */; };
		4D1897D0202360CB00D55C1B /* Main.storyboard in Resources */ = {isa = PBXBuildFile; fileRef = 4D1897CE202360CB00D55C1B /* Main.storyboard */; };
		4D1897D2202360CB00D55C1B /* Assets.xcassets in Resources */ = {isa = PBXBuildFile; fileRef = 4D1897D1202360CB00D55C1B /* Assets.xcassets */; };
		4D1897D5202360CB00D55C1B /* LaunchScreen.storyboard in Resources */ = {isa = PBXBuildFile; fileRef = 4D1897D3202360CB00D55C1B /* LaunchScreen.storyboard */; };
		4D1897DD2023695900D55C1B /* CustomButton.swift in Sources */ = {isa = PBXBuildFile; fileRef = 4D1897DC2023695900D55C1B /* CustomButton.swift */; };
		4D29DDB22028B51300C370EC /* CPFValidator.swift in Sources */ = {isa = PBXBuildFile; fileRef = 4D29DDB12028B51300C370EC /* CPFValidator.swift */; };
		4D40EFB020237F0A00C3EA85 /* Keyboard.swift in Sources */ = {isa = PBXBuildFile; fileRef = 4D40EFAF20237F0A00C3EA85 /* Keyboard.swift */; };
		4D40EFB42024A6FF00C3EA85 /* NameValidator.swift in Sources */ = {isa = PBXBuildFile; fileRef = 4D40EFB32024A6FF00C3EA85 /* NameValidator.swift */; };
		4D57DE2E2024F2760037D90D /* NameValidatorTests.swift in Sources */ = {isa = PBXBuildFile; fileRef = 4D57DE2D2024F2760037D90D /* NameValidatorTests.swift */; };
/* End PBXBuildFile section */

/* Begin PBXContainerItemProxy section */
		4D14989C2028D24B0011136B /* PBXContainerItemProxy */ = {
			isa = PBXContainerItemProxy;
			containerPortal = 4D1897BF202360CB00D55C1B /* Project object */;
			proxyType = 1;
			remoteGlobalIDString = 4D1897C6202360CB00D55C1B;
			remoteInfo = DataValidation;
		};
		4D1498AC2029D6BB0011136B /* PBXContainerItemProxy */ = {
			isa = PBXContainerItemProxy;
			containerPortal = 4D1897BF202360CB00D55C1B /* Project object */;
			proxyType = 1;
			remoteGlobalIDString = 4D1897C6202360CB00D55C1B;
			remoteInfo = DataValidation;
		};
		4D57DE302024F2760037D90D /* PBXContainerItemProxy */ = {
			isa = PBXContainerItemProxy;
			containerPortal = 4D1897BF202360CB00D55C1B /* Project object */;
			proxyType = 1;
			remoteGlobalIDString = 4D1897C6202360CB00D55C1B;
			remoteInfo = DataValidation;
		};
/* End PBXContainerItemProxy section */

/* Begin PBXFileReference section */
		4D1498972028D24B0011136B /* CPFValidatorTests.xctest */ = {isa = PBXFileReference; explicitFileType = wrapper.cfbundle; includeInIndex = 0; path = CPFValidatorTests.xctest; sourceTree = BUILT_PRODUCTS_DIR; };
		4D1498992028D24B0011136B /* CPFValidatorTests.swift */ = {isa = PBXFileReference; lastKnownFileType = sourcecode.swift; path = CPFValidatorTests.swift; sourceTree = "<group>"; };
		4D14989B2028D24B0011136B /* Info.plist */ = {isa = PBXFileReference; lastKnownFileType = text.plist.xml; path = Info.plist; sourceTree = "<group>"; };
		4D1498A12029CD210011136B /* EmailValidator.swift */ = {isa = PBXFileReference; lastKnownFileType = sourcecode.swift; path = EmailValidator.swift; sourceTree = "<group>"; };
		4D1498A72029D6BB0011136B /* EmailValidatorTests.xctest */ = {isa = PBXFileReference; explicitFileType = wrapper.cfbundle; includeInIndex = 0; path = EmailValidatorTests.xctest; sourceTree = BUILT_PRODUCTS_DIR; };
		4D1498A92029D6BB0011136B /* EmailValidatorTests.swift */ = {isa = PBXFileReference; lastKnownFileType = sourcecode.swift; path = EmailValidatorTests.swift; sourceTree = "<group>"; };
		4D1498AB2029D6BB0011136B /* Info.plist */ = {isa = PBXFileReference; lastKnownFileType = text.plist.xml; path = Info.plist; sourceTree = "<group>"; };
		4D1897C7202360CB00D55C1B /* DataValidation.app */ = {isa = PBXFileReference; explicitFileType = wrapper.application; includeInIndex = 0; path = DataValidation.app; sourceTree = BUILT_PRODUCTS_DIR; };
		4D1897CA202360CB00D55C1B /* AppDelegate.swift */ = {isa = PBXFileReference; lastKnownFileType = sourcecode.swift; path = AppDelegate.swift; sourceTree = "<group>"; };
		4D1897CC202360CB00D55C1B /* ValidationViewController.swift */ = {isa = PBXFileReference; lastKnownFileType = sourcecode.swift; path = ValidationViewController.swift; sourceTree = "<group>"; };
		4D1897CF202360CB00D55C1B /* Base */ = {isa = PBXFileReference; lastKnownFileType = file.storyboard; name = Base; path = Base.lproj/Main.storyboard; sourceTree = "<group>"; };
		4D1897D1202360CB00D55C1B /* Assets.xcassets */ = {isa = PBXFileReference; lastKnownFileType = folder.assetcatalog; path = Assets.xcassets; sourceTree = "<group>"; };
		4D1897D4202360CB00D55C1B /* Base */ = {isa = PBXFileReference; lastKnownFileType = file.storyboard; name = Base; path = Base.lproj/LaunchScreen.storyboard; sourceTree = "<group>"; };
		4D1897D6202360CB00D55C1B /* Info.plist */ = {isa = PBXFileReference; lastKnownFileType = text.plist.xml; path = Info.plist; sourceTree = "<group>"; };
		4D1897DC2023695900D55C1B /* CustomButton.swift */ = {isa = PBXFileReference; lastKnownFileType = sourcecode.swift; path = CustomButton.swift; sourceTree = "<group>"; };
		4D29DDB12028B51300C370EC /* CPFValidator.swift */ = {isa = PBXFileReference; lastKnownFileType = sourcecode.swift; path = CPFValidator.swift; sourceTree = "<group>"; };
		4D40EFAF20237F0A00C3EA85 /* Keyboard.swift */ = {isa = PBXFileReference; lastKnownFileType = sourcecode.swift; path = Keyboard.swift; sourceTree = "<group>"; };
		4D40EFB32024A6FF00C3EA85 /* NameValidator.swift */ = {isa = PBXFileReference; lastKnownFileType = sourcecode.swift; name = NameValidator.swift; path = DataValidation/Validators/NameValidator.swift; sourceTree = SOURCE_ROOT; };
		4D57DE2B2024F2760037D90D /* NameValidatorTests.xctest */ = {isa = PBXFileReference; explicitFileType = wrapper.cfbundle; includeInIndex = 0; path = NameValidatorTests.xctest; sourceTree = BUILT_PRODUCTS_DIR; };
		4D57DE2D2024F2760037D90D /* NameValidatorTests.swift */ = {isa = PBXFileReference; lastKnownFileType = sourcecode.swift; path = NameValidatorTests.swift; sourceTree = "<group>"; };
		4D57DE2F2024F2760037D90D /* Info.plist */ = {isa = PBXFileReference; lastKnownFileType = text.plist.xml; path = Info.plist; sourceTree = "<group>"; };
/* End PBXFileReference section */

/* Begin PBXFrameworksBuildPhase section */
		4D1498942028D24B0011136B /* Frameworks */ = {
			isa = PBXFrameworksBuildPhase;
			buildActionMask = 2147483647;
			files = (
			);
			runOnlyForDeploymentPostprocessing = 0;
		};
		4D1498A42029D6BB0011136B /* Frameworks */ = {
			isa = PBXFrameworksBuildPhase;
			buildActionMask = 2147483647;
			files = (
			);
			runOnlyForDeploymentPostprocessing = 0;
		};
		4D1897C4202360CB00D55C1B /* Frameworks */ = {
			isa = PBXFrameworksBuildPhase;
			buildActionMask = 2147483647;
			files = (
			);
			runOnlyForDeploymentPostprocessing = 0;
		};
		4D57DE282024F2760037D90D /* Frameworks */ = {
			isa = PBXFrameworksBuildPhase;
			buildActionMask = 2147483647;
			files = (
			);
			runOnlyForDeploymentPostprocessing = 0;
		};
/* End PBXFrameworksBuildPhase section */

/* Begin PBXGroup section */
		4D1498982028D24B0011136B /* CPFValidatorTests */ = {
			isa = PBXGroup;
			children = (
				4D1498992028D24B0011136B /* CPFValidatorTests.swift */,
				4D14989B2028D24B0011136B /* Info.plist */,
			);
			path = CPFValidatorTests;
			sourceTree = "<group>";
		};
		4D1498A82029D6BB0011136B /* EmailValidatorTests */ = {
			isa = PBXGroup;
			children = (
				4D1498A92029D6BB0011136B /* EmailValidatorTests.swift */,
				4D1498AB2029D6BB0011136B /* Info.plist */,
			);
			path = EmailValidatorTests;
			sourceTree = "<group>";
		};
		4D1897BE202360CB00D55C1B = {
			isa = PBXGroup;
			children = (
				4D1897C9202360CB00D55C1B /* DataValidation */,
				4D57DE2C2024F2760037D90D /* NameValidatorTests */,
				4D1498982028D24B0011136B /* CPFValidatorTests */,
				4D1498A82029D6BB0011136B /* EmailValidatorTests */,
				4D1897C8202360CB00D55C1B /* Products */,
			);
			sourceTree = "<group>";
		};
		4D1897C8202360CB00D55C1B /* Products */ = {
			isa = PBXGroup;
			children = (
				4D1897C7202360CB00D55C1B /* DataValidation.app */,
				4D57DE2B2024F2760037D90D /* NameValidatorTests.xctest */,
				4D1498972028D24B0011136B /* CPFValidatorTests.xctest */,
				4D1498A72029D6BB0011136B /* EmailValidatorTests.xctest */,
			);
			name = Products;
			sourceTree = "<group>";
		};
		4D1897C9202360CB00D55C1B /* DataValidation */ = {
			isa = PBXGroup;
			children = (
				4D1897CA202360CB00D55C1B /* AppDelegate.swift */,
				4D29DDB02028B4F700C370EC /* Validators */,
				4D37B04A202A5217002C14B9 /* Presenter */,
				4D1897DE2023780000D55C1B /* Controller */,
				4D1897DF2023784D00D55C1B /* Utillities */,
				4D1897CE202360CB00D55C1B /* Main.storyboard */,
				4D1897D1202360CB00D55C1B /* Assets.xcassets */,
				4D1897D3202360CB00D55C1B /* LaunchScreen.storyboard */,
				4D1897D6202360CB00D55C1B /* Info.plist */,
			);
			path = DataValidation;
			sourceTree = "<group>";
		};
		4D1897DE2023780000D55C1B /* Controller */ = {
			isa = PBXGroup;
			children = (
				4D1897CC202360CB00D55C1B /* ValidationViewController.swift */,
			);
			path = Controller;
			sourceTree = "<group>";
		};
		4D1897DF2023784D00D55C1B /* Utillities */ = {
			isa = PBXGroup;
			children = (
				4D1897DC2023695900D55C1B /* CustomButton.swift */,
				4D40EFAF20237F0A00C3EA85 /* Keyboard.swift */,
			);
			path = Utillities;
			sourceTree = "<group>";
		};
		4D29DDB02028B4F700C370EC /* Validators */ = {
			isa = PBXGroup;
			children = (
				4D40EFB32024A6FF00C3EA85 /* NameValidator.swift */,
				4D29DDB12028B51300C370EC /* CPFValidator.swift */,
				4D1498A12029CD210011136B /* EmailValidator.swift */,
			);
			path = Validators;
			sourceTree = "<group>";
		};
		4D37B04A202A5217002C14B9 /* Presenter */ = {
			isa = PBXGroup;
			children = (
			);
			path = Presenter;
			sourceTree = "<group>";
		};
		4D57DE2C2024F2760037D90D /* NameValidatorTests */ = {
			isa = PBXGroup;
			children = (
				4D57DE2D2024F2760037D90D /* NameValidatorTests.swift */,
				4D57DE2F2024F2760037D90D /* Info.plist */,
			);
			path = NameValidatorTests;
			sourceTree = "<group>";
		};
/* End PBXGroup section */

/* Begin PBXNativeTarget section */
		4D1498962028D24B0011136B /* CPFValidatorTests */ = {
			isa = PBXNativeTarget;
			buildConfigurationList = 4D1498A02028D24B0011136B /* Build configuration list for PBXNativeTarget "CPFValidatorTests" */;
			buildPhases = (
				4D1498932028D24B0011136B /* Sources */,
				4D1498942028D24B0011136B /* Frameworks */,
				4D1498952028D24B0011136B /* Resources */,
			);
			buildRules = (
			);
			dependencies = (
				4D14989D2028D24B0011136B /* PBXTargetDependency */,
			);
			name = CPFValidatorTests;
			productName = CPFValidatorTests;
			productReference = 4D1498972028D24B0011136B /* CPFValidatorTests.xctest */;
			productType = "com.apple.product-type.bundle.unit-test";
		};
		4D1498A62029D6BB0011136B /* EmailValidatorTests */ = {
			isa = PBXNativeTarget;
			buildConfigurationList = 4D1498AE2029D6BB0011136B /* Build configuration list for PBXNativeTarget "EmailValidatorTests" */;
			buildPhases = (
				4D1498A32029D6BB0011136B /* Sources */,
				4D1498A42029D6BB0011136B /* Frameworks */,
				4D1498A52029D6BB0011136B /* Resources */,
			);
			buildRules = (
			);
			dependencies = (
				4D1498AD2029D6BB0011136B /* PBXTargetDependency */,
			);
			name = EmailValidatorTests;
			productName = EmailValidatorTests;
			productReference = 4D1498A72029D6BB0011136B /* EmailValidatorTests.xctest */;
			productType = "com.apple.product-type.bundle.unit-test";
		};
		4D1897C6202360CB00D55C1B /* DataValidation */ = {
			isa = PBXNativeTarget;
			buildConfigurationList = 4D1897D9202360CB00D55C1B /* Build configuration list for PBXNativeTarget "DataValidation" */;
			buildPhases = (
				4D1897C3202360CB00D55C1B /* Sources */,
				4D1897C4202360CB00D55C1B /* Frameworks */,
				4D1897C5202360CB00D55C1B /* Resources */,
			);
			buildRules = (
			);
			dependencies = (
			);
			name = DataValidation;
			productName = DataValidation;
			productReference = 4D1897C7202360CB00D55C1B /* DataValidation.app */;
			productType = "com.apple.product-type.application";
		};
		4D57DE2A2024F2760037D90D /* NameValidatorTests */ = {
			isa = PBXNativeTarget;
			buildConfigurationList = 4D57DE342024F2770037D90D /* Build configuration list for PBXNativeTarget "NameValidatorTests" */;
			buildPhases = (
				4D57DE272024F2760037D90D /* Sources */,
				4D57DE282024F2760037D90D /* Frameworks */,
				4D57DE292024F2760037D90D /* Resources */,
			);
			buildRules = (
			);
			dependencies = (
				4D57DE312024F2760037D90D /* PBXTargetDependency */,
			);
			name = NameValidatorTests;
			productName = NameValidatorTests;
			productReference = 4D57DE2B2024F2760037D90D /* NameValidatorTests.xctest */;
			productType = "com.apple.product-type.bundle.unit-test";
		};
/* End PBXNativeTarget section */

/* Begin PBXProject section */
		4D1897BF202360CB00D55C1B /* Project object */ = {
			isa = PBXProject;
			attributes = {
				LastSwiftUpdateCheck = 0920;
				LastUpgradeCheck = 0920;
				ORGANIZATIONNAME = "Mariana Meireles | Stone";
				TargetAttributes = {
					4D1498962028D24B0011136B = {
						CreatedOnToolsVersion = 9.2;
						ProvisioningStyle = Automatic;
						TestTargetID = 4D1897C6202360CB00D55C1B;
					};
					4D1498A62029D6BB0011136B = {
						CreatedOnToolsVersion = 9.2;
						ProvisioningStyle = Automatic;
						TestTargetID = 4D1897C6202360CB00D55C1B;
					};
					4D1897C6202360CB00D55C1B = {
						CreatedOnToolsVersion = 9.2;
						ProvisioningStyle = Automatic;
					};
					4D57DE2A2024F2760037D90D = {
						CreatedOnToolsVersion = 9.2;
						ProvisioningStyle = Automatic;
						TestTargetID = 4D1897C6202360CB00D55C1B;
					};
				};
			};
			buildConfigurationList = 4D1897C2202360CB00D55C1B /* Build configuration list for PBXProject "DataValidation" */;
			compatibilityVersion = "Xcode 8.0";
			developmentRegion = en;
			hasScannedForEncodings = 0;
			knownRegions = (
				en,
				Base,
			);
			mainGroup = 4D1897BE202360CB00D55C1B;
			productRefGroup = 4D1897C8202360CB00D55C1B /* Products */;
			projectDirPath = "";
			projectRoot = "";
			targets = (
				4D1897C6202360CB00D55C1B /* DataValidation */,
				4D57DE2A2024F2760037D90D /* NameValidatorTests */,
				4D1498962028D24B0011136B /* CPFValidatorTests */,
				4D1498A62029D6BB0011136B /* EmailValidatorTests */,
			);
		};
/* End PBXProject section */

/* Begin PBXResourcesBuildPhase section */
		4D1498952028D24B0011136B /* Resources */ = {
			isa = PBXResourcesBuildPhase;
			buildActionMask = 2147483647;
			files = (
			);
			runOnlyForDeploymentPostprocessing = 0;
		};
		4D1498A52029D6BB0011136B /* Resources */ = {
			isa = PBXResourcesBuildPhase;
			buildActionMask = 2147483647;
			files = (
			);
			runOnlyForDeploymentPostprocessing = 0;
		};
		4D1897C5202360CB00D55C1B /* Resources */ = {
			isa = PBXResourcesBuildPhase;
			buildActionMask = 2147483647;
			files = (
				4D1897D5202360CB00D55C1B /* LaunchScreen.storyboard in Resources */,
				4D1897D2202360CB00D55C1B /* Assets.xcassets in Resources */,
				4D1897D0202360CB00D55C1B /* Main.storyboard in Resources */,
			);
			runOnlyForDeploymentPostprocessing = 0;
		};
		4D57DE292024F2760037D90D /* Resources */ = {
			isa = PBXResourcesBuildPhase;
			buildActionMask = 2147483647;
			files = (
			);
			runOnlyForDeploymentPostprocessing = 0;
		};
/* End PBXResourcesBuildPhase section */

/* Begin PBXSourcesBuildPhase section */
		4D1498932028D24B0011136B /* Sources */ = {
			isa = PBXSourcesBuildPhase;
			buildActionMask = 2147483647;
			files = (
				4D14989A2028D24B0011136B /* CPFValidatorTests.swift in Sources */,
			);
			runOnlyForDeploymentPostprocessing = 0;
		};
		4D1498A32029D6BB0011136B /* Sources */ = {
			isa = PBXSourcesBuildPhase;
			buildActionMask = 2147483647;
			files = (
				4D1498AA2029D6BB0011136B /* EmailValidatorTests.swift in Sources */,
			);
			runOnlyForDeploymentPostprocessing = 0;
		};
		4D1897C3202360CB00D55C1B /* Sources */ = {
			isa = PBXSourcesBuildPhase;
			buildActionMask = 2147483647;
			files = (
				4D1897CD202360CB00D55C1B /* ValidationViewController.swift in Sources */,
				4D1498A22029CD210011136B /* EmailValidator.swift in Sources */,
				4D40EFB020237F0A00C3EA85 /* Keyboard.swift in Sources */,
				4D1897CB202360CB00D55C1B /* AppDelegate.swift in Sources */,
				4D40EFB42024A6FF00C3EA85 /* NameValidator.swift in Sources */,
				4D29DDB22028B51300C370EC /* CPFValidator.swift in Sources */,
				4D1897DD2023695900D55C1B /* CustomButton.swift in Sources */,
			);
			runOnlyForDeploymentPostprocessing = 0;
		};
		4D57DE272024F2760037D90D /* Sources */ = {
			isa = PBXSourcesBuildPhase;
			buildActionMask = 2147483647;
			files = (
				4D57DE2E2024F2760037D90D /* NameValidatorTests.swift in Sources */,
			);
			runOnlyForDeploymentPostprocessing = 0;
		};
/* End PBXSourcesBuildPhase section */

/* Begin PBXTargetDependency section */
		4D14989D2028D24B0011136B /* PBXTargetDependency */ = {
			isa = PBXTargetDependency;
			target = 4D1897C6202360CB00D55C1B /* DataValidation */;
			targetProxy = 4D14989C2028D24B0011136B /* PBXContainerItemProxy */;
		};
		4D1498AD2029D6BB0011136B /* PBXTargetDependency */ = {
			isa = PBXTargetDependency;
			target = 4D1897C6202360CB00D55C1B /* DataValidation */;
			targetProxy = 4D1498AC2029D6BB0011136B /* PBXContainerItemProxy */;
		};
		4D57DE312024F2760037D90D /* PBXTargetDependency */ = {
			isa = PBXTargetDependency;
			target = 4D1897C6202360CB00D55C1B /* DataValidation */;
			targetProxy = 4D57DE302024F2760037D90D /* PBXContainerItemProxy */;
		};
/* End PBXTargetDependency section */

/* Begin PBXVariantGroup section */
		4D1897CE202360CB00D55C1B /* Main.storyboard */ = {
			isa = PBXVariantGroup;
			children = (
				4D1897CF202360CB00D55C1B /* Base */,
			);
			name = Main.storyboard;
			sourceTree = "<group>";
		};
		4D1897D3202360CB00D55C1B /* LaunchScreen.storyboard */ = {
			isa = PBXVariantGroup;
			children = (
				4D1897D4202360CB00D55C1B /* Base */,
			);
			name = LaunchScreen.storyboard;
			sourceTree = "<group>";
		};
/* End PBXVariantGroup section */

/* Begin XCBuildConfiguration section */
		4D14989E2028D24B0011136B /* Debug */ = {
			isa = XCBuildConfiguration;
			buildSettings = {
				BUNDLE_LOADER = "$(TEST_HOST)";
				CODE_SIGN_STYLE = Automatic;
				DEVELOPMENT_TEAM = GQU3QL4RG3;
				INFOPLIST_FILE = CPFValidatorTests/Info.plist;
				LD_RUNPATH_SEARCH_PATHS = "$(inherited) @executable_path/Frameworks @loader_path/Frameworks";
				PRODUCT_BUNDLE_IDENTIFIER = Stone.CPFValidatorTests;
				PRODUCT_NAME = "$(TARGET_NAME)";
				SWIFT_VERSION = 4.0;
				TARGETED_DEVICE_FAMILY = "1,2";
				TEST_HOST = "$(BUILT_PRODUCTS_DIR)/DataValidation.app/DataValidation";
			};
			name = Debug;
		};
		4D14989F2028D24B0011136B /* Release */ = {
			isa = XCBuildConfiguration;
			buildSettings = {
				BUNDLE_LOADER = "$(TEST_HOST)";
				CODE_SIGN_STYLE = Automatic;
				DEVELOPMENT_TEAM = GQU3QL4RG3;
				INFOPLIST_FILE = CPFValidatorTests/Info.plist;
				LD_RUNPATH_SEARCH_PATHS = "$(inherited) @executable_path/Frameworks @loader_path/Frameworks";
				PRODUCT_BUNDLE_IDENTIFIER = Stone.CPFValidatorTests;
				PRODUCT_NAME = "$(TARGET_NAME)";
				SWIFT_VERSION = 4.0;
				TARGETED_DEVICE_FAMILY = "1,2";
				TEST_HOST = "$(BUILT_PRODUCTS_DIR)/DataValidation.app/DataValidation";
			};
			name = Release;
		};
		4D1498AF2029D6BB0011136B /* Debug */ = {
			isa = XCBuildConfiguration;
			buildSettings = {
				BUNDLE_LOADER = "$(TEST_HOST)";
				CODE_SIGN_STYLE = Automatic;
				DEVELOPMENT_TEAM = GQU3QL4RG3;
				INFOPLIST_FILE = EmailValidatorTests/Info.plist;
				LD_RUNPATH_SEARCH_PATHS = "$(inherited) @executable_path/Frameworks @loader_path/Frameworks";
				PRODUCT_BUNDLE_IDENTIFIER = Stone.EmailValidatorTests;
				PRODUCT_NAME = "$(TARGET_NAME)";
				SWIFT_VERSION = 4.0;
				TARGETED_DEVICE_FAMILY = "1,2";
				TEST_HOST = "$(BUILT_PRODUCTS_DIR)/DataValidation.app/DataValidation";
			};
			name = Debug;
		};
		4D1498B02029D6BB0011136B /* Release */ = {
			isa = XCBuildConfiguration;
			buildSettings = {
				BUNDLE_LOADER = "$(TEST_HOST)";
				CODE_SIGN_STYLE = Automatic;
				DEVELOPMENT_TEAM = GQU3QL4RG3;
				INFOPLIST_FILE = EmailValidatorTests/Info.plist;
				LD_RUNPATH_SEARCH_PATHS = "$(inherited) @executable_path/Frameworks @loader_path/Frameworks";
				PRODUCT_BUNDLE_IDENTIFIER = Stone.EmailValidatorTests;
				PRODUCT_NAME = "$(TARGET_NAME)";
				SWIFT_VERSION = 4.0;
				TARGETED_DEVICE_FAMILY = "1,2";
				TEST_HOST = "$(BUILT_PRODUCTS_DIR)/DataValidation.app/DataValidation";
			};
			name = Release;
		};
		4D1897D7202360CB00D55C1B /* Debug */ = {
			isa = XCBuildConfiguration;
			buildSettings = {
				ALWAYS_SEARCH_USER_PATHS = NO;
				CLANG_ANALYZER_NONNULL = YES;
				CLANG_ANALYZER_NUMBER_OBJECT_CONVERSION = YES_AGGRESSIVE;
				CLANG_CXX_LANGUAGE_STANDARD = "gnu++14";
				CLANG_CXX_LIBRARY = "libc++";
				CLANG_ENABLE_MODULES = YES;
				CLANG_ENABLE_OBJC_ARC = YES;
				CLANG_WARN_BLOCK_CAPTURE_AUTORELEASING = YES;
				CLANG_WARN_BOOL_CONVERSION = YES;
				CLANG_WARN_COMMA = YES;
				CLANG_WARN_CONSTANT_CONVERSION = YES;
				CLANG_WARN_DIRECT_OBJC_ISA_USAGE = YES_ERROR;
				CLANG_WARN_DOCUMENTATION_COMMENTS = YES;
				CLANG_WARN_EMPTY_BODY = YES;
				CLANG_WARN_ENUM_CONVERSION = YES;
				CLANG_WARN_INFINITE_RECURSION = YES;
				CLANG_WARN_INT_CONVERSION = YES;
				CLANG_WARN_NON_LITERAL_NULL_CONVERSION = YES;
				CLANG_WARN_OBJC_LITERAL_CONVERSION = YES;
				CLANG_WARN_OBJC_ROOT_CLASS = YES_ERROR;
				CLANG_WARN_RANGE_LOOP_ANALYSIS = YES;
				CLANG_WARN_STRICT_PROTOTYPES = YES;
				CLANG_WARN_SUSPICIOUS_MOVE = YES;
				CLANG_WARN_UNGUARDED_AVAILABILITY = YES_AGGRESSIVE;
				CLANG_WARN_UNREACHABLE_CODE = YES;
				CLANG_WARN__DUPLICATE_METHOD_MATCH = YES;
				CODE_SIGN_IDENTITY = "iPhone Developer";
				COPY_PHASE_STRIP = NO;
				DEBUG_INFORMATION_FORMAT = dwarf;
				ENABLE_STRICT_OBJC_MSGSEND = YES;
				ENABLE_TESTABILITY = YES;
				GCC_C_LANGUAGE_STANDARD = gnu11;
				GCC_DYNAMIC_NO_PIC = NO;
				GCC_NO_COMMON_BLOCKS = YES;
				GCC_OPTIMIZATION_LEVEL = 0;
				GCC_PREPROCESSOR_DEFINITIONS = (
					"DEBUG=1",
					"$(inherited)",
				);
				GCC_WARN_64_TO_32_BIT_CONVERSION = YES;
				GCC_WARN_ABOUT_RETURN_TYPE = YES_ERROR;
				GCC_WARN_UNDECLARED_SELECTOR = YES;
				GCC_WARN_UNINITIALIZED_AUTOS = YES_AGGRESSIVE;
				GCC_WARN_UNUSED_FUNCTION = YES;
				GCC_WARN_UNUSED_VARIABLE = YES;
				IPHONEOS_DEPLOYMENT_TARGET = 11.2;
				MTL_ENABLE_DEBUG_INFO = YES;
				ONLY_ACTIVE_ARCH = YES;
				SDKROOT = iphoneos;
				SWIFT_ACTIVE_COMPILATION_CONDITIONS = DEBUG;
				SWIFT_OPTIMIZATION_LEVEL = "-Onone";
			};
			name = Debug;
		};
		4D1897D8202360CB00D55C1B /* Release */ = {
			isa = XCBuildConfiguration;
			buildSettings = {
				ALWAYS_SEARCH_USER_PATHS = NO;
				CLANG_ANALYZER_NONNULL = YES;
				CLANG_ANALYZER_NUMBER_OBJECT_CONVERSION = YES_AGGRESSIVE;
				CLANG_CXX_LANGUAGE_STANDARD = "gnu++14";
				CLANG_CXX_LIBRARY = "libc++";
				CLANG_ENABLE_MODULES = YES;
				CLANG_ENABLE_OBJC_ARC = YES;
				CLANG_WARN_BLOCK_CAPTURE_AUTORELEASING = YES;
				CLANG_WARN_BOOL_CONVERSION = YES;
				CLANG_WARN_COMMA = YES;
				CLANG_WARN_CONSTANT_CONVERSION = YES;
				CLANG_WARN_DIRECT_OBJC_ISA_USAGE = YES_ERROR;
				CLANG_WARN_DOCUMENTATION_COMMENTS = YES;
				CLANG_WARN_EMPTY_BODY = YES;
				CLANG_WARN_ENUM_CONVERSION = YES;
				CLANG_WARN_INFINITE_RECURSION = YES;
				CLANG_WARN_INT_CONVERSION = YES;
				CLANG_WARN_NON_LITERAL_NULL_CONVERSION = YES;
				CLANG_WARN_OBJC_LITERAL_CONVERSION = YES;
				CLANG_WARN_OBJC_ROOT_CLASS = YES_ERROR;
				CLANG_WARN_RANGE_LOOP_ANALYSIS = YES;
				CLANG_WARN_STRICT_PROTOTYPES = YES;
				CLANG_WARN_SUSPICIOUS_MOVE = YES;
				CLANG_WARN_UNGUARDED_AVAILABILITY = YES_AGGRESSIVE;
				CLANG_WARN_UNREACHABLE_CODE = YES;
				CLANG_WARN__DUPLICATE_METHOD_MATCH = YES;
				CODE_SIGN_IDENTITY = "iPhone Developer";
				COPY_PHASE_STRIP = NO;
				DEBUG_INFORMATION_FORMAT = "dwarf-with-dsym";
				ENABLE_NS_ASSERTIONS = NO;
				ENABLE_STRICT_OBJC_MSGSEND = YES;
				GCC_C_LANGUAGE_STANDARD = gnu11;
				GCC_NO_COMMON_BLOCKS = YES;
				GCC_WARN_64_TO_32_BIT_CONVERSION = YES;
				GCC_WARN_ABOUT_RETURN_TYPE = YES_ERROR;
				GCC_WARN_UNDECLARED_SELECTOR = YES;
				GCC_WARN_UNINITIALIZED_AUTOS = YES_AGGRESSIVE;
				GCC_WARN_UNUSED_FUNCTION = YES;
				GCC_WARN_UNUSED_VARIABLE = YES;
				IPHONEOS_DEPLOYMENT_TARGET = 11.2;
				MTL_ENABLE_DEBUG_INFO = NO;
				SDKROOT = iphoneos;
				SWIFT_OPTIMIZATION_LEVEL = "-Owholemodule";
				VALIDATE_PRODUCT = YES;
			};
			name = Release;
		};
		4D1897DA202360CB00D55C1B /* Debug */ = {
			isa = XCBuildConfiguration;
			buildSettings = {
				ASSETCATALOG_COMPILER_APPICON_NAME = AppIcon;
				CODE_SIGN_STYLE = Automatic;
				DEVELOPMENT_TEAM = GQU3QL4RG3;
				INFOPLIST_FILE = DataValidation/Info.plist;
				LD_RUNPATH_SEARCH_PATHS = "$(inherited) @executable_path/Frameworks";
				PRODUCT_BUNDLE_IDENTIFIER = Stone.DataValidation;
				PRODUCT_NAME = "$(TARGET_NAME)";
				SWIFT_VERSION = 4.0;
				TARGETED_DEVICE_FAMILY = "1,2";
			};
			name = Debug;
		};
		4D1897DB202360CB00D55C1B /* Release */ = {
			isa = XCBuildConfiguration;
			buildSettings = {
				ASSETCATALOG_COMPILER_APPICON_NAME = AppIcon;
				CODE_SIGN_STYLE = Automatic;
				DEVELOPMENT_TEAM = GQU3QL4RG3;
				INFOPLIST_FILE = DataValidation/Info.plist;
				LD_RUNPATH_SEARCH_PATHS = "$(inherited) @executable_path/Frameworks";
				PRODUCT_BUNDLE_IDENTIFIER = Stone.DataValidation;
				PRODUCT_NAME = "$(TARGET_NAME)";
				SWIFT_VERSION = 4.0;
				TARGETED_DEVICE_FAMILY = "1,2";
			};
			name = Release;
		};
		4D57DE322024F2770037D90D /* Debug */ = {
			isa = XCBuildConfiguration;
			buildSettings = {
				BUNDLE_LOADER = "$(TEST_HOST)";
				CODE_SIGN_STYLE = Automatic;
				DEVELOPMENT_TEAM = GQU3QL4RG3;
				INFOPLIST_FILE = NameValidatorTests/Info.plist;
				LD_RUNPATH_SEARCH_PATHS = "$(inherited) @executable_path/Frameworks @loader_path/Frameworks";
				PRODUCT_BUNDLE_IDENTIFIER = Stone.NameValidatorTests;
				PRODUCT_NAME = "$(TARGET_NAME)";
				SWIFT_VERSION = 4.0;
				TARGETED_DEVICE_FAMILY = "1,2";
				TEST_HOST = "$(BUILT_PRODUCTS_DIR)/DataValidation.app/DataValidation";
			};
			name = Debug;
		};
		4D57DE332024F2770037D90D /* Release */ = {
			isa = XCBuildConfiguration;
			buildSettings = {
				BUNDLE_LOADER = "$(TEST_HOST)";
				CODE_SIGN_STYLE = Automatic;
				DEVELOPMENT_TEAM = GQU3QL4RG3;
				INFOPLIST_FILE = NameValidatorTests/Info.plist;
				LD_RUNPATH_SEARCH_PATHS = "$(inherited) @executable_path/Frameworks @loader_path/Frameworks";
				PRODUCT_BUNDLE_IDENTIFIER = Stone.NameValidatorTests;
				PRODUCT_NAME = "$(TARGET_NAME)";
				SWIFT_VERSION = 4.0;
				TARGETED_DEVICE_FAMILY = "1,2";
				TEST_HOST = "$(BUILT_PRODUCTS_DIR)/DataValidation.app/DataValidation";
			};
			name = Release;
		};
/* End XCBuildConfiguration section */

/* Begin XCConfigurationList section */
		4D1498A02028D24B0011136B /* Build configuration list for PBXNativeTarget "CPFValidatorTests" */ = {
			isa = XCConfigurationList;
			buildConfigurations = (
				4D14989E2028D24B0011136B /* Debug */,
				4D14989F2028D24B0011136B /* Release */,
			);
			defaultConfigurationIsVisible = 0;
			defaultConfigurationName = Release;
		};
		4D1498AE2029D6BB0011136B /* Build configuration list for PBXNativeTarget "EmailValidatorTests" */ = {
			isa = XCConfigurationList;
			buildConfigurations = (
				4D1498AF2029D6BB0011136B /* Debug */,
				4D1498B02029D6BB0011136B /* Release */,
			);
			defaultConfigurationIsVisible = 0;
			defaultConfigurationName = Release;
		};
		4D1897C2202360CB00D55C1B /* Build configuration list for PBXProject "DataValidation" */ = {
			isa = XCConfigurationList;
			buildConfigurations = (
				4D1897D7202360CB00D55C1B /* Debug */,
				4D1897D8202360CB00D55C1B /* Release */,
			);
			defaultConfigurationIsVisible = 0;
			defaultConfigurationName = Release;
		};
		4D1897D9202360CB00D55C1B /* Build configuration list for PBXNativeTarget "DataValidation" */ = {
			isa = XCConfigurationList;
			buildConfigurations = (
				4D1897DA202360CB00D55C1B /* Debug */,
				4D1897DB202360CB00D55C1B /* Release */,
			);
			defaultConfigurationIsVisible = 0;
			defaultConfigurationName = Release;
		};
		4D57DE342024F2770037D90D /* Build configuration list for PBXNativeTarget "NameValidatorTests" */ = {
			isa = XCConfigurationList;
			buildConfigurations = (
				4D57DE322024F2770037D90D /* Debug */,
				4D57DE332024F2770037D90D /* Release */,
			);
			defaultConfigurationIsVisible = 0;
			defaultConfigurationName = Release;
		};
/* End XCConfigurationList section */
	};
	rootObject = 4D1897BF202360CB00D55C1B /* Project object */;
}
